
Microsoft Visual Studio Solution File, Format Version 12.00
# Visual Studio 14
VisualStudioVersion = 14.0.25420.1
MinimumVisualStudioVersion = 10.0.40219.1
Project("{FAE04EC0-301F-11D3-BF4B-00C04F79EFBC}") = "Tasker.Core", "Tasker.Core\Tasker.Core.csproj", "{D90A9587-DF50-4BC8-861D-FC1DF61FE5A3}"
EndProject
Project("{FAE04EC0-301F-11D3-BF4B-00C04F79EFBC}") = "Tasker.Runner", "Tasker.Runner\Tasker.Runner.csproj", "{081B9E37-4D6E-4912-AB60-8C42C0BD86B7}"
EndProject
Project("{FAE04EC0-301F-11D3-BF4B-00C04F79EFBC}") = "Tasker.JobServer", "Tasker.JobServer\Tasker.JobServer.csproj", "{66267329-FE5D-4312-98FC-F0C280068105}"
EndProject
Project("{FAE04EC0-301F-11D3-BF4B-00C04F79EFBC}") = "Tasker.JobStorage", "Tasker.JobStorage\Tasker.JobStorage.csproj", "{2F7A4F4C-5961-45CB-88CA-A4787033E4EF}"
EndProject
Project("{2150E333-8FDC-42A3-9474-1A3956D46DE8}") = "JobTypes", "JobTypes", "{606F324E-C7B4-424E-8E6E-CDBF4C5A822F}"
EndProject
Project("{FAE04EC0-301F-11D3-BF4B-00C04F79EFBC}") = "Tasker.JobType.Delay", "Tasker.JobType.Delay\Tasker.JobType.Delay.csproj", "{7E1A0807-D2A0-4EBE-A813-6668891FD797}"
EndProject
Project("{FAE04EC0-301F-11D3-BF4B-00C04F79EFBC}") = "Tasker.JobType.EmailSender", "Tasker.JobType.EmailSender\Tasker.JobType.EmailSender.csproj", "{E363C5E5-5DF3-41DE-85E0-4C0DD53682A3}"
EndProject
Global
	GlobalSection(SolutionConfigurationPlatforms) = preSolution
		Debug|Any CPU = Debug|Any CPU
		Release|Any CPU = Release|Any CPU
	EndGlobalSection
	GlobalSection(ProjectConfigurationPlatforms) = postSolution
		{D90A9587-DF50-4BC8-861D-FC1DF61FE5A3}.Debug|Any CPU.ActiveCfg = Debug|Any CPU
		{D90A9587-DF50-4BC8-861D-FC1DF61FE5A3}.Debug|Any CPU.Build.0 = Debug|Any CPU
		{D90A9587-DF50-4BC8-861D-FC1DF61FE5A3}.Release|Any CPU.ActiveCfg = Release|Any CPU
		{D90A9587-DF50-4BC8-861D-FC1DF61FE5A3}.Release|Any CPU.Build.0 = Release|Any CPU
		{081B9E37-4D6E-4912-AB60-8C42C0BD86B7}.Debug|Any CPU.ActiveCfg = Debug|Any CPU
		{081B9E37-4D6E-4912-AB60-8C42C0BD86B7}.Debug|Any CPU.Build.0 = Debug|Any CPU
		{081B9E37-4D6E-4912-AB60-8C42C0BD86B7}.Release|Any CPU.ActiveCfg = Release|Any CPU
		{081B9E37-4D6E-4912-AB60-8C42C0BD86B7}.Release|Any CPU.Build.0 = Release|Any CPU
		{66267329-FE5D-4312-98FC-F0C280068105}.Debug|Any CPU.ActiveCfg = Debug|Any CPU
		{66267329-FE5D-4312-98FC-F0C280068105}.Debug|Any CPU.Build.0 = Debug|Any CPU
		{66267329-FE5D-4312-98FC-F0C280068105}.Release|Any CPU.ActiveCfg = Release|Any CPU
		{66267329-FE5D-4312-98FC-F0C280068105}.Release|Any CPU.Build.0 = Release|Any CPU
		{2F7A4F4C-5961-45CB-88CA-A4787033E4EF}.Debug|Any CPU.ActiveCfg = Debug|Any CPU
		{2F7A4F4C-5961-45CB-88CA-A4787033E4EF}.Debug|Any CPU.Build.0 = Debug|Any CPU
		{2F7A4F4C-5961-45CB-88CA-A4787033E4EF}.Release|Any CPU.ActiveCfg = Release|Any CPU
		{2F7A4F4C-5961-45CB-88CA-A4787033E4EF}.Release|Any CPU.Build.0 = Release|Any CPU
		{7E1A0807-D2A0-4EBE-A813-6668891FD797}.Debug|Any CPU.ActiveCfg = Debug|Any CPU
		{7E1A0807-D2A0-4EBE-A813-6668891FD797}.Debug|Any CPU.Build.0 = Debug|Any CPU
		{7E1A0807-D2A0-4EBE-A813-6668891FD797}.Release|Any CPU.ActiveCfg = Release|Any CPU
		{7E1A0807-D2A0-4EBE-A813-6668891FD797}.Release|Any CPU.Build.0 = Release|Any CPU
		{E363C5E5-5DF3-41DE-85E0-4C0DD53682A3}.Debug|Any CPU.ActiveCfg = Debug|Any CPU
		{E363C5E5-5DF3-41DE-85E0-4C0DD53682A3}.Debug|Any CPU.Build.0 = Debug|Any CPU
		{E363C5E5-5DF3-41DE-85E0-4C0DD53682A3}.Release|Any CPU.ActiveCfg = Release|Any CPU
		{E363C5E5-5DF3-41DE-85E0-4C0DD53682A3}.Release|Any CPU.Build.0 = Release|Any CPU
	EndGlobalSection
	GlobalSection(SolutionProperties) = preSolution
		HideSolutionNode = FALSE
	EndGlobalSection
	GlobalSection(NestedProjects) = preSolution
		{7E1A0807-D2A0-4EBE-A813-6668891FD797} = {606F324E-C7B4-424E-8E6E-CDBF4C5A822F}
		{E363C5E5-5DF3-41DE-85E0-4C0DD53682A3} = {606F324E-C7B4-424E-8E6E-CDBF4C5A822F}
	EndGlobalSection
EndGlobal
